
Microsoft Visual Studio Solution File, Format Version 12.00
# Visual Studio Version 17
VisualStudioVersion = 17.5.002.0
MinimumVisualStudioVersion = 10.0.40219.1
Project("{9A19103F-16F7-4668-BE54-9A1E7A4F7556}") = "backEnd", "backEnd\backEnd.csproj", "{B1C75C63-87C3-4B21-9827-793DDCF894F6}"
EndProject
Global
	GlobalSection(SolutionConfigurationPlatforms) = preSolution
		Debug|Any CPU = Debug|Any CPU
		Release|Any CPU = Release|Any CPU
	EndGlobalSection
	GlobalSection(ProjectConfigurationPlatforms) = postSolution
		{B1C75C63-87C3-4B21-9827-793DDCF894F6}.Debug|Any CPU.ActiveCfg = Debug|Any CPU
		{B1C75C63-87C3-4B21-9827-793DDCF894F6}.Debug|Any CPU.Build.0 = Debug|Any CPU
		{B1C75C63-87C3-4B21-9827-793DDCF894F6}.Release|Any CPU.ActiveCfg = Release|Any CPU
		{B1C75C63-87C3-4B21-9827-793DDCF894F6}.Release|Any CPU.Build.0 = Release|Any CPU
	EndGlobalSection
	GlobalSection(SolutionProperties) = preSolution
		HideSolutionNode = FALSE
	EndGlobalSection
	GlobalSection(ExtensibilityGlobals) = postSolution
		SolutionGuid = {D932A323-2EAF-43BD-B0B2-966CD604B854}
	EndGlobalSection
EndGlobal
